
Microsoft Visual Studio Solution File, Format Version 12.00
# Visual Studio Version 17
VisualStudioVersion = 17.2.32616.157
MinimumVisualStudioVersion = 10.0.40219.1
Project("{FAE04EC0-301F-11D3-BF4B-00C04F79EFBC}") = "LogisticApp", "LogisticApp\LogisticApp.csproj", "{062D9FDF-F250-4F39-8CD3-3C7D853FE7F0}"
EndProject
Global
	GlobalSection(SolutionConfigurationPlatforms) = preSolution
		Debug|Any CPU = Debug|Any CPU
		Release|Any CPU = Release|Any CPU
	EndGlobalSection
	GlobalSection(ProjectConfigurationPlatforms) = postSolution
		{062D9FDF-F250-4F39-8CD3-3C7D853FE7F0}.Debug|Any CPU.ActiveCfg = Debug|Any CPU
		{062D9FDF-F250-4F39-8CD3-3C7D853FE7F0}.Debug|Any CPU.Build.0 = Debug|Any CPU
		{062D9FDF-F250-4F39-8CD3-3C7D853FE7F0}.Release|Any CPU.ActiveCfg = Release|Any CPU
		{062D9FDF-F250-4F39-8CD3-3C7D853FE7F0}.Release|Any CPU.Build.0 = Release|Any CPU
	EndGlobalSection
	GlobalSection(SolutionProperties) = preSolution
		HideSolutionNode = FALSE
	EndGlobalSection
	GlobalSection(ExtensibilityGlobals) = postSolution
		SolutionGuid = {4D48B2CC-0DEA-4BC0-856B-CA823071BF7B}
	EndGlobalSection
EndGlobal
